
Microsoft Visual Studio Solution File, Format Version 12.00
# Visual Studio Version 17
VisualStudioVersion = 17.0.31903.59
MinimumVisualStudioVersion = 10.0.40219.1
Project("{2150E333-8FDC-42A3-9474-1A3956D46DE8}") = "Creational", "Creational", "{EB5044C7-5AE3-4640-94C0-447B92F6EBE6}"
EndProject
Project("{FAE04EC0-301F-11D3-BF4B-00C04F79EFBC}") = "Factory", "Creational\Factory\Factory.csproj", "{590EE497-2A75-42AB-B946-EF86626A38DE}"
EndProject
Project("{FAE04EC0-301F-11D3-BF4B-00C04F79EFBC}") = "AbstractFactory", "Creational\AbstractFactory\AbstractFactory.csproj", "{6D4B8BF9-438B-490F-81F4-B0BA343BDF7E}"
EndProject
Project("{FAE04EC0-301F-11D3-BF4B-00C04F79EFBC}") = "Builder", "Creational\Builder\Builder.csproj", "{623C2F9B-6707-4985-8C22-A6C9DE5A20E2}"
EndProject
Project("{FAE04EC0-301F-11D3-BF4B-00C04F79EFBC}") = "Prototype", "Creational\Prototype\Prototype.csproj", "{A8127B15-64D5-463B-B73D-61756C7CB67F}"
EndProject
Project("{FAE04EC0-301F-11D3-BF4B-00C04F79EFBC}") = "Singleton", "Creational\Singleton\Singleton.csproj", "{83590475-3683-4E2F-AD1F-7F235785F876}"
EndProject
Project("{2150E333-8FDC-42A3-9474-1A3956D46DE8}") = "Structural", "Structural", "{89DCAD88-7583-47D3-AF56-DF8D7A8382F7}"
EndProject
Project("{FAE04EC0-301F-11D3-BF4B-00C04F79EFBC}") = "Adapter", "Structural\Adapter\Adapter.csproj", "{55C2A1A9-FF84-45F3-A039-74D1A4BFD600}"
EndProject
Project("{FAE04EC0-301F-11D3-BF4B-00C04F79EFBC}") = "Bridge", "Structural\Bridge\Bridge.csproj", "{EF771008-6CE6-4285-87C1-6B13046D1630}"
EndProject
Project("{FAE04EC0-301F-11D3-BF4B-00C04F79EFBC}") = "Composite", "Structural\Composite\Composite.csproj", "{77663FFF-1D0F-49FB-8E19-4F2B1EBE403A}"
EndProject
Project("{FAE04EC0-301F-11D3-BF4B-00C04F79EFBC}") = "Decorator", "Structural\Decorator\Decorator.csproj", "{70C2A656-AC4F-41B0-81AB-C2E098263694}"
EndProject
Project("{FAE04EC0-301F-11D3-BF4B-00C04F79EFBC}") = "Facade", "Structural\Facade\Facade.csproj", "{94E4CEC9-724B-463A-B1D9-FA481F9A5D9B}"
EndProject
Project("{FAE04EC0-301F-11D3-BF4B-00C04F79EFBC}") = "Flyweight", "Structural\Flyweight\Flyweight.csproj", "{59469CDA-B384-4396-9EFB-26D16417FA39}"
EndProject
Project("{FAE04EC0-301F-11D3-BF4B-00C04F79EFBC}") = "Proxy", "Structural\Proxy\Proxy.csproj", "{0548421D-ACDD-4F08-BCA7-01BA8EC1A667}"
EndProject
Project("{2150E333-8FDC-42A3-9474-1A3956D46DE8}") = "Behavioral", "Behavioral", "{B6AB3368-93BE-4B86-96DE-F076A520C755}"
EndProject
Project("{FAE04EC0-301F-11D3-BF4B-00C04F79EFBC}") = "ChainOfResponsability", "Behavioral\ChainOfResponsability\ChainOfResponsability.csproj", "{76659D2D-0B40-4060-A110-D2C78BE62899}"
EndProject
Global
	GlobalSection(SolutionConfigurationPlatforms) = preSolution
		Debug|Any CPU = Debug|Any CPU
		Release|Any CPU = Release|Any CPU
	EndGlobalSection
	GlobalSection(SolutionProperties) = preSolution
		HideSolutionNode = FALSE
	EndGlobalSection
	GlobalSection(ProjectConfigurationPlatforms) = postSolution
		{590EE497-2A75-42AB-B946-EF86626A38DE}.Debug|Any CPU.ActiveCfg = Debug|Any CPU
		{590EE497-2A75-42AB-B946-EF86626A38DE}.Debug|Any CPU.Build.0 = Debug|Any CPU
		{590EE497-2A75-42AB-B946-EF86626A38DE}.Release|Any CPU.ActiveCfg = Release|Any CPU
		{590EE497-2A75-42AB-B946-EF86626A38DE}.Release|Any CPU.Build.0 = Release|Any CPU
		{6D4B8BF9-438B-490F-81F4-B0BA343BDF7E}.Debug|Any CPU.ActiveCfg = Debug|Any CPU
		{6D4B8BF9-438B-490F-81F4-B0BA343BDF7E}.Debug|Any CPU.Build.0 = Debug|Any CPU
		{6D4B8BF9-438B-490F-81F4-B0BA343BDF7E}.Release|Any CPU.ActiveCfg = Release|Any CPU
		{6D4B8BF9-438B-490F-81F4-B0BA343BDF7E}.Release|Any CPU.Build.0 = Release|Any CPU
		{623C2F9B-6707-4985-8C22-A6C9DE5A20E2}.Debug|Any CPU.ActiveCfg = Debug|Any CPU
		{623C2F9B-6707-4985-8C22-A6C9DE5A20E2}.Debug|Any CPU.Build.0 = Debug|Any CPU
		{623C2F9B-6707-4985-8C22-A6C9DE5A20E2}.Release|Any CPU.ActiveCfg = Release|Any CPU
		{623C2F9B-6707-4985-8C22-A6C9DE5A20E2}.Release|Any CPU.Build.0 = Release|Any CPU
		{A8127B15-64D5-463B-B73D-61756C7CB67F}.Debug|Any CPU.ActiveCfg = Debug|Any CPU
		{A8127B15-64D5-463B-B73D-61756C7CB67F}.Debug|Any CPU.Build.0 = Debug|Any CPU
		{A8127B15-64D5-463B-B73D-61756C7CB67F}.Release|Any CPU.ActiveCfg = Release|Any CPU
		{A8127B15-64D5-463B-B73D-61756C7CB67F}.Release|Any CPU.Build.0 = Release|Any CPU
		{83590475-3683-4E2F-AD1F-7F235785F876}.Debug|Any CPU.ActiveCfg = Debug|Any CPU
		{83590475-3683-4E2F-AD1F-7F235785F876}.Debug|Any CPU.Build.0 = Debug|Any CPU
		{83590475-3683-4E2F-AD1F-7F235785F876}.Release|Any CPU.ActiveCfg = Release|Any CPU
		{83590475-3683-4E2F-AD1F-7F235785F876}.Release|Any CPU.Build.0 = Release|Any CPU
		{55C2A1A9-FF84-45F3-A039-74D1A4BFD600}.Debug|Any CPU.ActiveCfg = Debug|Any CPU
		{55C2A1A9-FF84-45F3-A039-74D1A4BFD600}.Debug|Any CPU.Build.0 = Debug|Any CPU
		{55C2A1A9-FF84-45F3-A039-74D1A4BFD600}.Release|Any CPU.ActiveCfg = Release|Any CPU
		{55C2A1A9-FF84-45F3-A039-74D1A4BFD600}.Release|Any CPU.Build.0 = Release|Any CPU
		{EF771008-6CE6-4285-87C1-6B13046D1630}.Debug|Any CPU.ActiveCfg = Debug|Any CPU
		{EF771008-6CE6-4285-87C1-6B13046D1630}.Debug|Any CPU.Build.0 = Debug|Any CPU
		{EF771008-6CE6-4285-87C1-6B13046D1630}.Release|Any CPU.ActiveCfg = Release|Any CPU
		{EF771008-6CE6-4285-87C1-6B13046D1630}.Release|Any CPU.Build.0 = Release|Any CPU
		{77663FFF-1D0F-49FB-8E19-4F2B1EBE403A}.Debug|Any CPU.ActiveCfg = Debug|Any CPU
		{77663FFF-1D0F-49FB-8E19-4F2B1EBE403A}.Debug|Any CPU.Build.0 = Debug|Any CPU
		{77663FFF-1D0F-49FB-8E19-4F2B1EBE403A}.Release|Any CPU.ActiveCfg = Release|Any CPU
		{77663FFF-1D0F-49FB-8E19-4F2B1EBE403A}.Release|Any CPU.Build.0 = Release|Any CPU
		{70C2A656-AC4F-41B0-81AB-C2E098263694}.Debug|Any CPU.ActiveCfg = Debug|Any CPU
		{70C2A656-AC4F-41B0-81AB-C2E098263694}.Debug|Any CPU.Build.0 = Debug|Any CPU
		{70C2A656-AC4F-41B0-81AB-C2E098263694}.Release|Any CPU.ActiveCfg = Release|Any CPU
		{70C2A656-AC4F-41B0-81AB-C2E098263694}.Release|Any CPU.Build.0 = Release|Any CPU
		{94E4CEC9-724B-463A-B1D9-FA481F9A5D9B}.Debug|Any CPU.ActiveCfg = Debug|Any CPU
		{94E4CEC9-724B-463A-B1D9-FA481F9A5D9B}.Debug|Any CPU.Build.0 = Debug|Any CPU
		{94E4CEC9-724B-463A-B1D9-FA481F9A5D9B}.Release|Any CPU.ActiveCfg = Release|Any CPU
		{94E4CEC9-724B-463A-B1D9-FA481F9A5D9B}.Release|Any CPU.Build.0 = Release|Any CPU
		{59469CDA-B384-4396-9EFB-26D16417FA39}.Debug|Any CPU.ActiveCfg = Debug|Any CPU
		{59469CDA-B384-4396-9EFB-26D16417FA39}.Debug|Any CPU.Build.0 = Debug|Any CPU
		{59469CDA-B384-4396-9EFB-26D16417FA39}.Release|Any CPU.ActiveCfg = Release|Any CPU
		{59469CDA-B384-4396-9EFB-26D16417FA39}.Release|Any CPU.Build.0 = Release|Any CPU
		{0548421D-ACDD-4F08-BCA7-01BA8EC1A667}.Debug|Any CPU.ActiveCfg = Debug|Any CPU
		{0548421D-ACDD-4F08-BCA7-01BA8EC1A667}.Debug|Any CPU.Build.0 = Debug|Any CPU
		{0548421D-ACDD-4F08-BCA7-01BA8EC1A667}.Release|Any CPU.ActiveCfg = Release|Any CPU
		{0548421D-ACDD-4F08-BCA7-01BA8EC1A667}.Release|Any CPU.Build.0 = Release|Any CPU
		{76659D2D-0B40-4060-A110-D2C78BE62899}.Debug|Any CPU.ActiveCfg = Debug|Any CPU
		{76659D2D-0B40-4060-A110-D2C78BE62899}.Debug|Any CPU.Build.0 = Debug|Any CPU
		{76659D2D-0B40-4060-A110-D2C78BE62899}.Release|Any CPU.ActiveCfg = Release|Any CPU
		{76659D2D-0B40-4060-A110-D2C78BE62899}.Release|Any CPU.Build.0 = Release|Any CPU
	EndGlobalSection
	GlobalSection(NestedProjects) = preSolution
		{590EE497-2A75-42AB-B946-EF86626A38DE} = {EB5044C7-5AE3-4640-94C0-447B92F6EBE6}
		{6D4B8BF9-438B-490F-81F4-B0BA343BDF7E} = {EB5044C7-5AE3-4640-94C0-447B92F6EBE6}
		{623C2F9B-6707-4985-8C22-A6C9DE5A20E2} = {EB5044C7-5AE3-4640-94C0-447B92F6EBE6}
		{A8127B15-64D5-463B-B73D-61756C7CB67F} = {EB5044C7-5AE3-4640-94C0-447B92F6EBE6}
		{83590475-3683-4E2F-AD1F-7F235785F876} = {EB5044C7-5AE3-4640-94C0-447B92F6EBE6}
		{55C2A1A9-FF84-45F3-A039-74D1A4BFD600} = {89DCAD88-7583-47D3-AF56-DF8D7A8382F7}
		{EF771008-6CE6-4285-87C1-6B13046D1630} = {89DCAD88-7583-47D3-AF56-DF8D7A8382F7}
		{77663FFF-1D0F-49FB-8E19-4F2B1EBE403A} = {89DCAD88-7583-47D3-AF56-DF8D7A8382F7}
		{70C2A656-AC4F-41B0-81AB-C2E098263694} = {89DCAD88-7583-47D3-AF56-DF8D7A8382F7}
		{94E4CEC9-724B-463A-B1D9-FA481F9A5D9B} = {89DCAD88-7583-47D3-AF56-DF8D7A8382F7}
		{59469CDA-B384-4396-9EFB-26D16417FA39} = {89DCAD88-7583-47D3-AF56-DF8D7A8382F7}
		{0548421D-ACDD-4F08-BCA7-01BA8EC1A667} = {89DCAD88-7583-47D3-AF56-DF8D7A8382F7}
		{76659D2D-0B40-4060-A110-D2C78BE62899} = {B6AB3368-93BE-4B86-96DE-F076A520C755}
	EndGlobalSection
EndGlobal
